
Microsoft Visual Studio Solution File, Format Version 12.00
# Visual Studio Version 17
VisualStudioVersion = 17.5.33502.453
MinimumVisualStudioVersion = 10.0.40219.1
Project("{FAE04EC0-301F-11D3-BF4B-00C04F79EFBC}") = "RabCSVFiles", "RabCSVFiles\RabCSVFiles.csproj", "{472DADAE-7FFF-4D4D-A631-07B20DCE1ABB}"
EndProject
Global
	GlobalSection(SolutionConfigurationPlatforms) = preSolution
		Debug|Any CPU = Debug|Any CPU
		Release|Any CPU = Release|Any CPU
	EndGlobalSection
	GlobalSection(ProjectConfigurationPlatforms) = postSolution
		{472DADAE-7FFF-4D4D-A631-07B20DCE1ABB}.Debug|Any CPU.ActiveCfg = Debug|Any CPU
		{472DADAE-7FFF-4D4D-A631-07B20DCE1ABB}.Debug|Any CPU.Build.0 = Debug|Any CPU
		{472DADAE-7FFF-4D4D-A631-07B20DCE1ABB}.Release|Any CPU.ActiveCfg = Release|Any CPU
		{472DADAE-7FFF-4D4D-A631-07B20DCE1ABB}.Release|Any CPU.Build.0 = Release|Any CPU
	EndGlobalSection
	GlobalSection(SolutionProperties) = preSolution
		HideSolutionNode = FALSE
	EndGlobalSection
	GlobalSection(ExtensibilityGlobals) = postSolution
		SolutionGuid = {CF7C07B9-3A50-47DA-8B92-B6E4E79A2A0F}
	EndGlobalSection
EndGlobal
